
Microsoft Visual Studio Solution File, Format Version 12.00
# Visual Studio 15
VisualStudioVersion = 15.0.26430.16
MinimumVisualStudioVersion = 10.0.40219.1
Project("{FAE04EC0-301F-11D3-BF4B-00C04F79EFBC}") = "VPG.Mobile", "VPG.Mobile\VPG.Mobile\VPG.Mobile.csproj", "{D560F3CE-3AF2-47CB-862C-596582D1E757}"
EndProject
Project("{FAE04EC0-301F-11D3-BF4B-00C04F79EFBC}") = "VPG.Mobile.iOS", "VPG.Mobile\VPG.Mobile.iOS\VPG.Mobile.iOS.csproj", "{969EF96B-3C65-4741-9709-F305095DBF66}"
EndProject
Project("{FAE04EC0-301F-11D3-BF4B-00C04F79EFBC}") = "VPG.Mobile.WinPhone", "VPG.Mobile\VPG.Mobile.WinPhone\VPG.Mobile.WinPhone.csproj", "{486CD8AA-81EE-47FC-90F7-183886D2CF0B}"
EndProject
Project("{FAE04EC0-301F-11D3-BF4B-00C04F79EFBC}") = "VPG.Mobile.UWP", "VPG.Mobile\VPG.Mobile.UWP\VPG.Mobile.UWP.csproj", "{75EB8B2D-9526-4DA7-A8FB-7867CAF33F92}"
EndProject
Project("{FAE04EC0-301F-11D3-BF4B-00C04F79EFBC}") = "VPG.Mobile.Windows", "VPG.Mobile\VPG.Mobile.Windows\VPG.Mobile.Windows.csproj", "{5B42F941-604C-4658-B288-ED52F16EAD11}"
EndProject
Project("{FAE04EC0-301F-11D3-BF4B-00C04F79EFBC}") = "VPG.Mobile.Droid", "VPG.Mobile\VPG.Mobile.Droid\VPG.Mobile.Droid.csproj", "{D417513F-A8E6-4502-85EE-66E201B2F25B}"
EndProject
Global
	GlobalSection(SolutionConfigurationPlatforms) = preSolution
		Ad-Hoc|Any CPU = Ad-Hoc|Any CPU
		Ad-Hoc|ARM = Ad-Hoc|ARM
		Ad-Hoc|iPhone = Ad-Hoc|iPhone
		Ad-Hoc|iPhoneSimulator = Ad-Hoc|iPhoneSimulator
		Ad-Hoc|x64 = Ad-Hoc|x64
		Ad-Hoc|x86 = Ad-Hoc|x86
		AppStore|Any CPU = AppStore|Any CPU
		AppStore|ARM = AppStore|ARM
		AppStore|iPhone = AppStore|iPhone
		AppStore|iPhoneSimulator = AppStore|iPhoneSimulator
		AppStore|x64 = AppStore|x64
		AppStore|x86 = AppStore|x86
		Debug|Any CPU = Debug|Any CPU
		Debug|ARM = Debug|ARM
		Debug|iPhone = Debug|iPhone
		Debug|iPhoneSimulator = Debug|iPhoneSimulator
		Debug|x64 = Debug|x64
		Debug|x86 = Debug|x86
		Release|Any CPU = Release|Any CPU
		Release|ARM = Release|ARM
		Release|iPhone = Release|iPhone
		Release|iPhoneSimulator = Release|iPhoneSimulator
		Release|x64 = Release|x64
		Release|x86 = Release|x86
	EndGlobalSection
	GlobalSection(ProjectConfigurationPlatforms) = postSolution
		{D560F3CE-3AF2-47CB-862C-596582D1E757}.Ad-Hoc|Any CPU.ActiveCfg = Release|Any CPU
		{D560F3CE-3AF2-47CB-862C-596582D1E757}.Ad-Hoc|Any CPU.Build.0 = Release|Any CPU
		{D560F3CE-3AF2-47CB-862C-596582D1E757}.Ad-Hoc|ARM.ActiveCfg = Release|Any CPU
		{D560F3CE-3AF2-47CB-862C-596582D1E757}.Ad-Hoc|ARM.Build.0 = Release|Any CPU
		{D560F3CE-3AF2-47CB-862C-596582D1E757}.Ad-Hoc|iPhone.ActiveCfg = Release|Any CPU
		{D560F3CE-3AF2-47CB-862C-596582D1E757}.Ad-Hoc|iPhone.Build.0 = Release|Any CPU
		{D560F3CE-3AF2-47CB-862C-596582D1E757}.Ad-Hoc|iPhoneSimulator.ActiveCfg = Release|Any CPU
		{D560F3CE-3AF2-47CB-862C-596582D1E757}.Ad-Hoc|iPhoneSimulator.Build.0 = Release|Any CPU
		{D560F3CE-3AF2-47CB-862C-596582D1E757}.Ad-Hoc|x64.ActiveCfg = Release|Any CPU
		{D560F3CE-3AF2-47CB-862C-596582D1E757}.Ad-Hoc|x64.Build.0 = Release|Any CPU
		{D560F3CE-3AF2-47CB-862C-596582D1E757}.Ad-Hoc|x86.ActiveCfg = Release|Any CPU
		{D560F3CE-3AF2-47CB-862C-596582D1E757}.Ad-Hoc|x86.Build.0 = Release|Any CPU
		{D560F3CE-3AF2-47CB-862C-596582D1E757}.AppStore|Any CPU.ActiveCfg = Release|Any CPU
		{D560F3CE-3AF2-47CB-862C-596582D1E757}.AppStore|Any CPU.Build.0 = Release|Any CPU
		{D560F3CE-3AF2-47CB-862C-596582D1E757}.AppStore|ARM.ActiveCfg = Release|Any CPU
		{D560F3CE-3AF2-47CB-862C-596582D1E757}.AppStore|ARM.Build.0 = Release|Any CPU
		{D560F3CE-3AF2-47CB-862C-596582D1E757}.AppStore|iPhone.ActiveCfg = Release|Any CPU
		{D560F3CE-3AF2-47CB-862C-596582D1E757}.AppStore|iPhone.Build.0 = Release|Any CPU
		{D560F3CE-3AF2-47CB-862C-596582D1E757}.AppStore|iPhoneSimulator.ActiveCfg = Release|Any CPU
		{D560F3CE-3AF2-47CB-862C-596582D1E757}.AppStore|iPhoneSimulator.Build.0 = Release|Any CPU
		{D560F3CE-3AF2-47CB-862C-596582D1E757}.AppStore|x64.ActiveCfg = Release|Any CPU
		{D560F3CE-3AF2-47CB-862C-596582D1E757}.AppStore|x64.Build.0 = Release|Any CPU
		{D560F3CE-3AF2-47CB-862C-596582D1E757}.AppStore|x86.ActiveCfg = Release|Any CPU
		{D560F3CE-3AF2-47CB-862C-596582D1E757}.AppStore|x86.Build.0 = Release|Any CPU
		{D560F3CE-3AF2-47CB-862C-596582D1E757}.Debug|Any CPU.ActiveCfg = Debug|Any CPU
		{D560F3CE-3AF2-47CB-862C-596582D1E757}.Debug|Any CPU.Build.0 = Debug|Any CPU
		{D560F3CE-3AF2-47CB-862C-596582D1E757}.Debug|ARM.ActiveCfg = Debug|Any CPU
		{D560F3CE-3AF2-47CB-862C-596582D1E757}.Debug|ARM.Build.0 = Debug|Any CPU
		{D560F3CE-3AF2-47CB-862C-596582D1E757}.Debug|iPhone.ActiveCfg = Debug|Any CPU
		{D560F3CE-3AF2-47CB-862C-596582D1E757}.Debug|iPhone.Build.0 = Debug|Any CPU
		{D560F3CE-3AF2-47CB-862C-596582D1E757}.Debug|iPhoneSimulator.ActiveCfg = Debug|Any CPU
		{D560F3CE-3AF2-47CB-862C-596582D1E757}.Debug|iPhoneSimulator.Build.0 = Debug|Any CPU
		{D560F3CE-3AF2-47CB-862C-596582D1E757}.Debug|x64.ActiveCfg = Debug|Any CPU
		{D560F3CE-3AF2-47CB-862C-596582D1E757}.Debug|x64.Build.0 = Debug|Any CPU
		{D560F3CE-3AF2-47CB-862C-596582D1E757}.Debug|x86.ActiveCfg = Debug|Any CPU
		{D560F3CE-3AF2-47CB-862C-596582D1E757}.Debug|x86.Build.0 = Debug|Any CPU
		{D560F3CE-3AF2-47CB-862C-596582D1E757}.Release|Any CPU.ActiveCfg = Release|Any CPU
		{D560F3CE-3AF2-47CB-862C-596582D1E757}.Release|Any CPU.Build.0 = Release|Any CPU
		{D560F3CE-3AF2-47CB-862C-596582D1E757}.Release|ARM.ActiveCfg = Release|Any CPU
		{D560F3CE-3AF2-47CB-862C-596582D1E757}.Release|ARM.Build.0 = Release|Any CPU
		{D560F3CE-3AF2-47CB-862C-596582D1E757}.Release|iPhone.ActiveCfg = Release|Any CPU
		{D560F3CE-3AF2-47CB-862C-596582D1E757}.Release|iPhone.Build.0 = Release|Any CPU
		{D560F3CE-3AF2-47CB-862C-596582D1E757}.Release|iPhoneSimulator.ActiveCfg = Release|Any CPU
		{D560F3CE-3AF2-47CB-862C-596582D1E757}.Release|iPhoneSimulator.Build.0 = Release|Any CPU
		{D560F3CE-3AF2-47CB-862C-596582D1E757}.Release|x64.ActiveCfg = Release|Any CPU
		{D560F3CE-3AF2-47CB-862C-596582D1E757}.Release|x64.Build.0 = Release|Any CPU
		{D560F3CE-3AF2-47CB-862C-596582D1E757}.Release|x86.ActiveCfg = Release|Any CPU
		{D560F3CE-3AF2-47CB-862C-596582D1E757}.Release|x86.Build.0 = Release|Any CPU
		{969EF96B-3C65-4741-9709-F305095DBF66}.Ad-Hoc|Any CPU.ActiveCfg = Ad-Hoc|iPhone
		{969EF96B-3C65-4741-9709-F305095DBF66}.Ad-Hoc|ARM.ActiveCfg = Ad-Hoc|iPhone
		{969EF96B-3C65-4741-9709-F305095DBF66}.Ad-Hoc|iPhone.ActiveCfg = Ad-Hoc|iPhone
		{969EF96B-3C65-4741-9709-F305095DBF66}.Ad-Hoc|iPhone.Build.0 = Ad-Hoc|iPhone
		{969EF96B-3C65-4741-9709-F305095DBF66}.Ad-Hoc|iPhoneSimulator.ActiveCfg = Ad-Hoc|iPhoneSimulator
		{969EF96B-3C65-4741-9709-F305095DBF66}.Ad-Hoc|iPhoneSimulator.Build.0 = Ad-Hoc|iPhoneSimulator
		{969EF96B-3C65-4741-9709-F305095DBF66}.Ad-Hoc|x64.ActiveCfg = Ad-Hoc|iPhone
		{969EF96B-3C65-4741-9709-F305095DBF66}.Ad-Hoc|x86.ActiveCfg = Ad-Hoc|iPhone
		{969EF96B-3C65-4741-9709-F305095DBF66}.AppStore|Any CPU.ActiveCfg = AppStore|iPhone
		{969EF96B-3C65-4741-9709-F305095DBF66}.AppStore|ARM.ActiveCfg = AppStore|iPhone
		{969EF96B-3C65-4741-9709-F305095DBF66}.AppStore|iPhone.ActiveCfg = AppStore|iPhone
		{969EF96B-3C65-4741-9709-F305095DBF66}.AppStore|iPhone.Build.0 = AppStore|iPhone
		{969EF96B-3C65-4741-9709-F305095DBF66}.AppStore|iPhoneSimulator.ActiveCfg = AppStore|iPhoneSimulator
		{969EF96B-3C65-4741-9709-F305095DBF66}.AppStore|iPhoneSimulator.Build.0 = AppStore|iPhoneSimulator
		{969EF96B-3C65-4741-9709-F305095DBF66}.AppStore|x64.ActiveCfg = AppStore|iPhone
		{969EF96B-3C65-4741-9709-F305095DBF66}.AppStore|x86.ActiveCfg = AppStore|iPhone
		{969EF96B-3C65-4741-9709-F305095DBF66}.Debug|Any CPU.ActiveCfg = Debug|iPhone
		{969EF96B-3C65-4741-9709-F305095DBF66}.Debug|ARM.ActiveCfg = Debug|iPhone
		{969EF96B-3C65-4741-9709-F305095DBF66}.Debug|iPhone.ActiveCfg = Debug|iPhone
		{969EF96B-3C65-4741-9709-F305095DBF66}.Debug|iPhone.Build.0 = Debug|iPhone
		{969EF96B-3C65-4741-9709-F305095DBF66}.Debug|iPhoneSimulator.ActiveCfg = Debug|iPhoneSimulator
		{969EF96B-3C65-4741-9709-F305095DBF66}.Debug|iPhoneSimulator.Build.0 = Debug|iPhoneSimulator
		{969EF96B-3C65-4741-9709-F305095DBF66}.Debug|x64.ActiveCfg = Debug|iPhone
		{969EF96B-3C65-4741-9709-F305095DBF66}.Debug|x86.ActiveCfg = Debug|iPhone
		{969EF96B-3C65-4741-9709-F305095DBF66}.Release|Any CPU.ActiveCfg = Release|iPhone
		{969EF96B-3C65-4741-9709-F305095DBF66}.Release|ARM.ActiveCfg = Release|iPhone
		{969EF96B-3C65-4741-9709-F305095DBF66}.Release|iPhone.ActiveCfg = Release|iPhone
		{969EF96B-3C65-4741-9709-F305095DBF66}.Release|iPhone.Build.0 = Release|iPhone
		{969EF96B-3C65-4741-9709-F305095DBF66}.Release|iPhoneSimulator.ActiveCfg = Release|iPhoneSimulator
		{969EF96B-3C65-4741-9709-F305095DBF66}.Release|iPhoneSimulator.Build.0 = Release|iPhoneSimulator
		{969EF96B-3C65-4741-9709-F305095DBF66}.Release|x64.ActiveCfg = Release|iPhone
		{969EF96B-3C65-4741-9709-F305095DBF66}.Release|x86.ActiveCfg = Release|iPhone
		{486CD8AA-81EE-47FC-90F7-183886D2CF0B}.Ad-Hoc|Any CPU.ActiveCfg = Release|Any CPU
		{486CD8AA-81EE-47FC-90F7-183886D2CF0B}.Ad-Hoc|Any CPU.Build.0 = Release|Any CPU
		{486CD8AA-81EE-47FC-90F7-183886D2CF0B}.Ad-Hoc|Any CPU.Deploy.0 = Release|Any CPU
		{486CD8AA-81EE-47FC-90F7-183886D2CF0B}.Ad-Hoc|ARM.ActiveCfg = Release|ARM
		{486CD8AA-81EE-47FC-90F7-183886D2CF0B}.Ad-Hoc|ARM.Build.0 = Release|ARM
		{486CD8AA-81EE-47FC-90F7-183886D2CF0B}.Ad-Hoc|ARM.Deploy.0 = Release|ARM
		{486CD8AA-81EE-47FC-90F7-183886D2CF0B}.Ad-Hoc|iPhone.ActiveCfg = Release|Any CPU
		{486CD8AA-81EE-47FC-90F7-183886D2CF0B}.Ad-Hoc|iPhone.Build.0 = Release|Any CPU
		{486CD8AA-81EE-47FC-90F7-183886D2CF0B}.Ad-Hoc|iPhone.Deploy.0 = Release|Any CPU
		{486CD8AA-81EE-47FC-90F7-183886D2CF0B}.Ad-Hoc|iPhoneSimulator.ActiveCfg = Release|Any CPU
		{486CD8AA-81EE-47FC-90F7-183886D2CF0B}.Ad-Hoc|iPhoneSimulator.Build.0 = Release|Any CPU
		{486CD8AA-81EE-47FC-90F7-183886D2CF0B}.Ad-Hoc|iPhoneSimulator.Deploy.0 = Release|Any CPU
		{486CD8AA-81EE-47FC-90F7-183886D2CF0B}.Ad-Hoc|x64.ActiveCfg = Release|Any CPU
		{486CD8AA-81EE-47FC-90F7-183886D2CF0B}.Ad-Hoc|x64.Build.0 = Release|Any CPU
		{486CD8AA-81EE-47FC-90F7-183886D2CF0B}.Ad-Hoc|x64.Deploy.0 = Release|Any CPU
		{486CD8AA-81EE-47FC-90F7-183886D2CF0B}.Ad-Hoc|x86.ActiveCfg = Release|x86
		{486CD8AA-81EE-47FC-90F7-183886D2CF0B}.Ad-Hoc|x86.Build.0 = Release|x86
		{486CD8AA-81EE-47FC-90F7-183886D2CF0B}.Ad-Hoc|x86.Deploy.0 = Release|x86
		{486CD8AA-81EE-47FC-90F7-183886D2CF0B}.AppStore|Any CPU.ActiveCfg = Release|Any CPU
		{486CD8AA-81EE-47FC-90F7-183886D2CF0B}.AppStore|Any CPU.Build.0 = Release|Any CPU
		{486CD8AA-81EE-47FC-90F7-183886D2CF0B}.AppStore|Any CPU.Deploy.0 = Release|Any CPU
		{486CD8AA-81EE-47FC-90F7-183886D2CF0B}.AppStore|ARM.ActiveCfg = Release|ARM
		{486CD8AA-81EE-47FC-90F7-183886D2CF0B}.AppStore|ARM.Build.0 = Release|ARM
		{486CD8AA-81EE-47FC-90F7-183886D2CF0B}.AppStore|ARM.Deploy.0 = Release|ARM
		{486CD8AA-81EE-47FC-90F7-183886D2CF0B}.AppStore|iPhone.ActiveCfg = Release|Any CPU
		{486CD8AA-81EE-47FC-90F7-183886D2CF0B}.AppStore|iPhone.Build.0 = Release|Any CPU
		{486CD8AA-81EE-47FC-90F7-183886D2CF0B}.AppStore|iPhone.Deploy.0 = Release|Any CPU
		{486CD8AA-81EE-47FC-90F7-183886D2CF0B}.AppStore|iPhoneSimulator.ActiveCfg = Release|Any CPU
		{486CD8AA-81EE-47FC-90F7-183886D2CF0B}.AppStore|iPhoneSimulator.Build.0 = Release|Any CPU
		{486CD8AA-81EE-47FC-90F7-183886D2CF0B}.AppStore|iPhoneSimulator.Deploy.0 = Release|Any CPU
		{486CD8AA-81EE-47FC-90F7-183886D2CF0B}.AppStore|x64.ActiveCfg = Release|Any CPU
		{486CD8AA-81EE-47FC-90F7-183886D2CF0B}.AppStore|x64.Build.0 = Release|Any CPU
		{486CD8AA-81EE-47FC-90F7-183886D2CF0B}.AppStore|x64.Deploy.0 = Release|Any CPU
		{486CD8AA-81EE-47FC-90F7-183886D2CF0B}.AppStore|x86.ActiveCfg = Release|x86
		{486CD8AA-81EE-47FC-90F7-183886D2CF0B}.AppStore|x86.Build.0 = Release|x86
		{486CD8AA-81EE-47FC-90F7-183886D2CF0B}.AppStore|x86.Deploy.0 = Release|x86
		{486CD8AA-81EE-47FC-90F7-183886D2CF0B}.Debug|Any CPU.ActiveCfg = Debug|Any CPU
		{486CD8AA-81EE-47FC-90F7-183886D2CF0B}.Debug|Any CPU.Build.0 = Debug|Any CPU
		{486CD8AA-81EE-47FC-90F7-183886D2CF0B}.Debug|Any CPU.Deploy.0 = Debug|Any CPU
		{486CD8AA-81EE-47FC-90F7-183886D2CF0B}.Debug|ARM.ActiveCfg = Debug|ARM
		{486CD8AA-81EE-47FC-90F7-183886D2CF0B}.Debug|ARM.Build.0 = Debug|ARM
		{486CD8AA-81EE-47FC-90F7-183886D2CF0B}.Debug|ARM.Deploy.0 = Debug|ARM
		{486CD8AA-81EE-47FC-90F7-183886D2CF0B}.Debug|iPhone.ActiveCfg = Debug|Any CPU
		{486CD8AA-81EE-47FC-90F7-183886D2CF0B}.Debug|iPhone.Build.0 = Debug|Any CPU
		{486CD8AA-81EE-47FC-90F7-183886D2CF0B}.Debug|iPhone.Deploy.0 = Debug|Any CPU
		{486CD8AA-81EE-47FC-90F7-183886D2CF0B}.Debug|iPhoneSimulator.ActiveCfg = Debug|Any CPU
		{486CD8AA-81EE-47FC-90F7-183886D2CF0B}.Debug|iPhoneSimulator.Build.0 = Debug|Any CPU
		{486CD8AA-81EE-47FC-90F7-183886D2CF0B}.Debug|iPhoneSimulator.Deploy.0 = Debug|Any CPU
		{486CD8AA-81EE-47FC-90F7-183886D2CF0B}.Debug|x64.ActiveCfg = Debug|Any CPU
		{486CD8AA-81EE-47FC-90F7-183886D2CF0B}.Debug|x64.Build.0 = Debug|Any CPU
		{486CD8AA-81EE-47FC-90F7-183886D2CF0B}.Debug|x64.Deploy.0 = Debug|Any CPU
		{486CD8AA-81EE-47FC-90F7-183886D2CF0B}.Debug|x86.ActiveCfg = Debug|x86
		{486CD8AA-81EE-47FC-90F7-183886D2CF0B}.Debug|x86.Build.0 = Debug|x86
		{486CD8AA-81EE-47FC-90F7-183886D2CF0B}.Debug|x86.Deploy.0 = Debug|x86
		{486CD8AA-81EE-47FC-90F7-183886D2CF0B}.Release|Any CPU.ActiveCfg = Release|Any CPU
		{486CD8AA-81EE-47FC-90F7-183886D2CF0B}.Release|Any CPU.Build.0 = Release|Any CPU
		{486CD8AA-81EE-47FC-90F7-183886D2CF0B}.Release|Any CPU.Deploy.0 = Release|Any CPU
		{486CD8AA-81EE-47FC-90F7-183886D2CF0B}.Release|ARM.ActiveCfg = Release|ARM
		{486CD8AA-81EE-47FC-90F7-183886D2CF0B}.Release|ARM.Build.0 = Release|ARM
		{486CD8AA-81EE-47FC-90F7-183886D2CF0B}.Release|ARM.Deploy.0 = Release|ARM
		{486CD8AA-81EE-47FC-90F7-183886D2CF0B}.Release|iPhone.ActiveCfg = Release|Any CPU
		{486CD8AA-81EE-47FC-90F7-183886D2CF0B}.Release|iPhone.Build.0 = Release|Any CPU
		{486CD8AA-81EE-47FC-90F7-183886D2CF0B}.Release|iPhone.Deploy.0 = Release|Any CPU
		{486CD8AA-81EE-47FC-90F7-183886D2CF0B}.Release|iPhoneSimulator.ActiveCfg = Release|Any CPU
		{486CD8AA-81EE-47FC-90F7-183886D2CF0B}.Release|iPhoneSimulator.Build.0 = Release|Any CPU
		{486CD8AA-81EE-47FC-90F7-183886D2CF0B}.Release|iPhoneSimulator.Deploy.0 = Release|Any CPU
		{486CD8AA-81EE-47FC-90F7-183886D2CF0B}.Release|x64.ActiveCfg = Release|Any CPU
		{486CD8AA-81EE-47FC-90F7-183886D2CF0B}.Release|x64.Build.0 = Release|Any CPU
		{486CD8AA-81EE-47FC-90F7-183886D2CF0B}.Release|x64.Deploy.0 = Release|Any CPU
		{486CD8AA-81EE-47FC-90F7-183886D2CF0B}.Release|x86.ActiveCfg = Release|x86
		{486CD8AA-81EE-47FC-90F7-183886D2CF0B}.Release|x86.Build.0 = Release|x86
		{486CD8AA-81EE-47FC-90F7-183886D2CF0B}.Release|x86.Deploy.0 = Release|x86
		{75EB8B2D-9526-4DA7-A8FB-7867CAF33F92}.Ad-Hoc|Any CPU.ActiveCfg = Release|x86
		{75EB8B2D-9526-4DA7-A8FB-7867CAF33F92}.Ad-Hoc|Any CPU.Build.0 = Release|x86
		{75EB8B2D-9526-4DA7-A8FB-7867CAF33F92}.Ad-Hoc|Any CPU.Deploy.0 = Release|x86
		{75EB8B2D-9526-4DA7-A8FB-7867CAF33F92}.Ad-Hoc|ARM.ActiveCfg = Release|ARM
		{75EB8B2D-9526-4DA7-A8FB-7867CAF33F92}.Ad-Hoc|ARM.Build.0 = Release|ARM
		{75EB8B2D-9526-4DA7-A8FB-7867CAF33F92}.Ad-Hoc|ARM.Deploy.0 = Release|ARM
		{75EB8B2D-9526-4DA7-A8FB-7867CAF33F92}.Ad-Hoc|iPhone.ActiveCfg = Release|x86
		{75EB8B2D-9526-4DA7-A8FB-7867CAF33F92}.Ad-Hoc|iPhone.Build.0 = Release|x86
		{75EB8B2D-9526-4DA7-A8FB-7867CAF33F92}.Ad-Hoc|iPhone.Deploy.0 = Release|x86
		{75EB8B2D-9526-4DA7-A8FB-7867CAF33F92}.Ad-Hoc|iPhoneSimulator.ActiveCfg = Release|x86
		{75EB8B2D-9526-4DA7-A8FB-7867CAF33F92}.Ad-Hoc|iPhoneSimulator.Build.0 = Release|x86
		{75EB8B2D-9526-4DA7-A8FB-7867CAF33F92}.Ad-Hoc|iPhoneSimulator.Deploy.0 = Release|x86
		{75EB8B2D-9526-4DA7-A8FB-7867CAF33F92}.Ad-Hoc|x64.ActiveCfg = Release|x64
		{75EB8B2D-9526-4DA7-A8FB-7867CAF33F92}.Ad-Hoc|x64.Build.0 = Release|x64
		{75EB8B2D-9526-4DA7-A8FB-7867CAF33F92}.Ad-Hoc|x64.Deploy.0 = Release|x64
		{75EB8B2D-9526-4DA7-A8FB-7867CAF33F92}.Ad-Hoc|x86.ActiveCfg = Release|x86
		{75EB8B2D-9526-4DA7-A8FB-7867CAF33F92}.Ad-Hoc|x86.Build.0 = Release|x86
		{75EB8B2D-9526-4DA7-A8FB-7867CAF33F92}.Ad-Hoc|x86.Deploy.0 = Release|x86
		{75EB8B2D-9526-4DA7-A8FB-7867CAF33F92}.AppStore|Any CPU.ActiveCfg = Release|x86
		{75EB8B2D-9526-4DA7-A8FB-7867CAF33F92}.AppStore|Any CPU.Build.0 = Release|x86
		{75EB8B2D-9526-4DA7-A8FB-7867CAF33F92}.AppStore|Any CPU.Deploy.0 = Release|x86
		{75EB8B2D-9526-4DA7-A8FB-7867CAF33F92}.AppStore|ARM.ActiveCfg = Release|ARM
		{75EB8B2D-9526-4DA7-A8FB-7867CAF33F92}.AppStore|ARM.Build.0 = Release|ARM
		{75EB8B2D-9526-4DA7-A8FB-7867CAF33F92}.AppStore|ARM.Deploy.0 = Release|ARM
		{75EB8B2D-9526-4DA7-A8FB-7867CAF33F92}.AppStore|iPhone.ActiveCfg = Release|x86
		{75EB8B2D-9526-4DA7-A8FB-7867CAF33F92}.AppStore|iPhone.Build.0 = Release|x86
		{75EB8B2D-9526-4DA7-A8FB-7867CAF33F92}.AppStore|iPhone.Deploy.0 = Release|x86
		{75EB8B2D-9526-4DA7-A8FB-7867CAF33F92}.AppStore|iPhoneSimulator.ActiveCfg = Release|x86
		{75EB8B2D-9526-4DA7-A8FB-7867CAF33F92}.AppStore|iPhoneSimulator.Build.0 = Release|x86
		{75EB8B2D-9526-4DA7-A8FB-7867CAF33F92}.AppStore|iPhoneSimulator.Deploy.0 = Release|x86
		{75EB8B2D-9526-4DA7-A8FB-7867CAF33F92}.AppStore|x64.ActiveCfg = Release|x64
		{75EB8B2D-9526-4DA7-A8FB-7867CAF33F92}.AppStore|x64.Build.0 = Release|x64
		{75EB8B2D-9526-4DA7-A8FB-7867CAF33F92}.AppStore|x64.Deploy.0 = Release|x64
		{75EB8B2D-9526-4DA7-A8FB-7867CAF33F92}.AppStore|x86.ActiveCfg = Release|x86
		{75EB8B2D-9526-4DA7-A8FB-7867CAF33F92}.AppStore|x86.Build.0 = Release|x86
		{75EB8B2D-9526-4DA7-A8FB-7867CAF33F92}.AppStore|x86.Deploy.0 = Release|x86
		{75EB8B2D-9526-4DA7-A8FB-7867CAF33F92}.Debug|Any CPU.ActiveCfg = Debug|x86
		{75EB8B2D-9526-4DA7-A8FB-7867CAF33F92}.Debug|ARM.ActiveCfg = Debug|ARM
		{75EB8B2D-9526-4DA7-A8FB-7867CAF33F92}.Debug|ARM.Build.0 = Debug|ARM
		{75EB8B2D-9526-4DA7-A8FB-7867CAF33F92}.Debug|ARM.Deploy.0 = Debug|ARM
		{75EB8B2D-9526-4DA7-A8FB-7867CAF33F92}.Debug|iPhone.ActiveCfg = Debug|x86
		{75EB8B2D-9526-4DA7-A8FB-7867CAF33F92}.Debug|iPhoneSimulator.ActiveCfg = Debug|x86
		{75EB8B2D-9526-4DA7-A8FB-7867CAF33F92}.Debug|x64.ActiveCfg = Debug|x64
		{75EB8B2D-9526-4DA7-A8FB-7867CAF33F92}.Debug|x64.Build.0 = Debug|x64
		{75EB8B2D-9526-4DA7-A8FB-7867CAF33F92}.Debug|x64.Deploy.0 = Debug|x64
		{75EB8B2D-9526-4DA7-A8FB-7867CAF33F92}.Debug|x86.ActiveCfg = Debug|x86
		{75EB8B2D-9526-4DA7-A8FB-7867CAF33F92}.Debug|x86.Build.0 = Debug|x86
		{75EB8B2D-9526-4DA7-A8FB-7867CAF33F92}.Debug|x86.Deploy.0 = Debug|x86
		{75EB8B2D-9526-4DA7-A8FB-7867CAF33F92}.Release|Any CPU.ActiveCfg = Release|x86
		{75EB8B2D-9526-4DA7-A8FB-7867CAF33F92}.Release|ARM.ActiveCfg = Release|ARM
		{75EB8B2D-9526-4DA7-A8FB-7867CAF33F92}.Release|ARM.Build.0 = Release|ARM
		{75EB8B2D-9526-4DA7-A8FB-7867CAF33F92}.Release|ARM.Deploy.0 = Release|ARM
		{75EB8B2D-9526-4DA7-A8FB-7867CAF33F92}.Release|iPhone.ActiveCfg = Release|x86
		{75EB8B2D-9526-4DA7-A8FB-7867CAF33F92}.Release|iPhoneSimulator.ActiveCfg = Release|x86
		{75EB8B2D-9526-4DA7-A8FB-7867CAF33F92}.Release|x64.ActiveCfg = Release|x64
		{75EB8B2D-9526-4DA7-A8FB-7867CAF33F92}.Release|x64.Build.0 = Release|x64
		{75EB8B2D-9526-4DA7-A8FB-7867CAF33F92}.Release|x64.Deploy.0 = Release|x64
		{75EB8B2D-9526-4DA7-A8FB-7867CAF33F92}.Release|x86.ActiveCfg = Release|x86
		{75EB8B2D-9526-4DA7-A8FB-7867CAF33F92}.Release|x86.Build.0 = Release|x86
		{75EB8B2D-9526-4DA7-A8FB-7867CAF33F92}.Release|x86.Deploy.0 = Release|x86
		{5B42F941-604C-4658-B288-ED52F16EAD11}.Ad-Hoc|Any CPU.ActiveCfg = Release|Any CPU
		{5B42F941-604C-4658-B288-ED52F16EAD11}.Ad-Hoc|Any CPU.Build.0 = Release|Any CPU
		{5B42F941-604C-4658-B288-ED52F16EAD11}.Ad-Hoc|Any CPU.Deploy.0 = Release|Any CPU
		{5B42F941-604C-4658-B288-ED52F16EAD11}.Ad-Hoc|ARM.ActiveCfg = Release|ARM
		{5B42F941-604C-4658-B288-ED52F16EAD11}.Ad-Hoc|ARM.Build.0 = Release|ARM
		{5B42F941-604C-4658-B288-ED52F16EAD11}.Ad-Hoc|ARM.Deploy.0 = Release|ARM
		{5B42F941-604C-4658-B288-ED52F16EAD11}.Ad-Hoc|iPhone.ActiveCfg = Release|Any CPU
		{5B42F941-604C-4658-B288-ED52F16EAD11}.Ad-Hoc|iPhone.Build.0 = Release|Any CPU
		{5B42F941-604C-4658-B288-ED52F16EAD11}.Ad-Hoc|iPhone.Deploy.0 = Release|Any CPU
		{5B42F941-604C-4658-B288-ED52F16EAD11}.Ad-Hoc|iPhoneSimulator.ActiveCfg = Release|Any CPU
		{5B42F941-604C-4658-B288-ED52F16EAD11}.Ad-Hoc|iPhoneSimulator.Build.0 = Release|Any CPU
		{5B42F941-604C-4658-B288-ED52F16EAD11}.Ad-Hoc|iPhoneSimulator.Deploy.0 = Release|Any CPU
		{5B42F941-604C-4658-B288-ED52F16EAD11}.Ad-Hoc|x64.ActiveCfg = Release|x64
		{5B42F941-604C-4658-B288-ED52F16EAD11}.Ad-Hoc|x64.Build.0 = Release|x64
		{5B42F941-604C-4658-B288-ED52F16EAD11}.Ad-Hoc|x64.Deploy.0 = Release|x64
		{5B42F941-604C-4658-B288-ED52F16EAD11}.Ad-Hoc|x86.ActiveCfg = Release|x86
		{5B42F941-604C-4658-B288-ED52F16EAD11}.Ad-Hoc|x86.Build.0 = Release|x86
		{5B42F941-604C-4658-B288-ED52F16EAD11}.Ad-Hoc|x86.Deploy.0 = Release|x86
		{5B42F941-604C-4658-B288-ED52F16EAD11}.AppStore|Any CPU.ActiveCfg = Release|Any CPU
		{5B42F941-604C-4658-B288-ED52F16EAD11}.AppStore|Any CPU.Build.0 = Release|Any CPU
		{5B42F941-604C-4658-B288-ED52F16EAD11}.AppStore|Any CPU.Deploy.0 = Release|Any CPU
		{5B42F941-604C-4658-B288-ED52F16EAD11}.AppStore|ARM.ActiveCfg = Release|ARM
		{5B42F941-604C-4658-B288-ED52F16EAD11}.AppStore|ARM.Build.0 = Release|ARM
		{5B42F941-604C-4658-B288-ED52F16EAD11}.AppStore|ARM.Deploy.0 = Release|ARM
		{5B42F941-604C-4658-B288-ED52F16EAD11}.AppStore|iPhone.ActiveCfg = Release|Any CPU
		{5B42F941-604C-4658-B288-ED52F16EAD11}.AppStore|iPhone.Build.0 = Release|Any CPU
		{5B42F941-604C-4658-B288-ED52F16EAD11}.AppStore|iPhone.Deploy.0 = Release|Any CPU
		{5B42F941-604C-4658-B288-ED52F16EAD11}.AppStore|iPhoneSimulator.ActiveCfg = Release|Any CPU
		{5B42F941-604C-4658-B288-ED52F16EAD11}.AppStore|iPhoneSimulator.Build.0 = Release|Any CPU
		{5B42F941-604C-4658-B288-ED52F16EAD11}.AppStore|iPhoneSimulator.Deploy.0 = Release|Any CPU
		{5B42F941-604C-4658-B288-ED52F16EAD11}.AppStore|x64.ActiveCfg = Release|x64
		{5B42F941-604C-4658-B288-ED52F16EAD11}.AppStore|x64.Build.0 = Release|x64
		{5B42F941-604C-4658-B288-ED52F16EAD11}.AppStore|x64.Deploy.0 = Release|x64
		{5B42F941-604C-4658-B288-ED52F16EAD11}.AppStore|x86.ActiveCfg = Release|x86
		{5B42F941-604C-4658-B288-ED52F16EAD11}.AppStore|x86.Build.0 = Release|x86
		{5B42F941-604C-4658-B288-ED52F16EAD11}.AppStore|x86.Deploy.0 = Release|x86
		{5B42F941-604C-4658-B288-ED52F16EAD11}.Debug|Any CPU.ActiveCfg = Debug|Any CPU
		{5B42F941-604C-4658-B288-ED52F16EAD11}.Debug|Any CPU.Build.0 = Debug|Any CPU
		{5B42F941-604C-4658-B288-ED52F16EAD11}.Debug|Any CPU.Deploy.0 = Debug|Any CPU
		{5B42F941-604C-4658-B288-ED52F16EAD11}.Debug|ARM.ActiveCfg = Debug|ARM
		{5B42F941-604C-4658-B288-ED52F16EAD11}.Debug|ARM.Build.0 = Debug|ARM
		{5B42F941-604C-4658-B288-ED52F16EAD11}.Debug|ARM.Deploy.0 = Debug|ARM
		{5B42F941-604C-4658-B288-ED52F16EAD11}.Debug|iPhone.ActiveCfg = Debug|Any CPU
		{5B42F941-604C-4658-B288-ED52F16EAD11}.Debug|iPhone.Build.0 = Debug|Any CPU
		{5B42F941-604C-4658-B288-ED52F16EAD11}.Debug|iPhone.Deploy.0 = Debug|Any CPU
		{5B42F941-604C-4658-B288-ED52F16EAD11}.Debug|iPhoneSimulator.ActiveCfg = Debug|Any CPU
		{5B42F941-604C-4658-B288-ED52F16EAD11}.Debug|iPhoneSimulator.Build.0 = Debug|Any CPU
		{5B42F941-604C-4658-B288-ED52F16EAD11}.Debug|iPhoneSimulator.Deploy.0 = Debug|Any CPU
		{5B42F941-604C-4658-B288-ED52F16EAD11}.Debug|x64.ActiveCfg = Debug|x64
		{5B42F941-604C-4658-B288-ED52F16EAD11}.Debug|x64.Build.0 = Debug|x64
		{5B42F941-604C-4658-B288-ED52F16EAD11}.Debug|x64.Deploy.0 = Debug|x64
		{5B42F941-604C-4658-B288-ED52F16EAD11}.Debug|x86.ActiveCfg = Debug|x86
		{5B42F941-604C-4658-B288-ED52F16EAD11}.Debug|x86.Build.0 = Debug|x86
		{5B42F941-604C-4658-B288-ED52F16EAD11}.Debug|x86.Deploy.0 = Debug|x86
		{5B42F941-604C-4658-B288-ED52F16EAD11}.Release|Any CPU.ActiveCfg = Release|Any CPU
		{5B42F941-604C-4658-B288-ED52F16EAD11}.Release|Any CPU.Build.0 = Release|Any CPU
		{5B42F941-604C-4658-B288-ED52F16EAD11}.Release|Any CPU.Deploy.0 = Release|Any CPU
		{5B42F941-604C-4658-B288-ED52F16EAD11}.Release|ARM.ActiveCfg = Release|ARM
		{5B42F941-604C-4658-B288-ED52F16EAD11}.Release|ARM.Build.0 = Release|ARM
		{5B42F941-604C-4658-B288-ED52F16EAD11}.Release|ARM.Deploy.0 = Release|ARM
		{5B42F941-604C-4658-B288-ED52F16EAD11}.Release|iPhone.ActiveCfg = Release|Any CPU
		{5B42F941-604C-4658-B288-ED52F16EAD11}.Release|iPhone.Build.0 = Release|Any CPU
		{5B42F941-604C-4658-B288-ED52F16EAD11}.Release|iPhone.Deploy.0 = Release|Any CPU
		{5B42F941-604C-4658-B288-ED52F16EAD11}.Release|iPhoneSimulator.ActiveCfg = Release|Any CPU
		{5B42F941-604C-4658-B288-ED52F16EAD11}.Release|iPhoneSimulator.Build.0 = Release|Any CPU
		{5B42F941-604C-4658-B288-ED52F16EAD11}.Release|iPhoneSimulator.Deploy.0 = Release|Any CPU
		{5B42F941-604C-4658-B288-ED52F16EAD11}.Release|x64.ActiveCfg = Release|x64
		{5B42F941-604C-4658-B288-ED52F16EAD11}.Release|x64.Build.0 = Release|x64
		{5B42F941-604C-4658-B288-ED52F16EAD11}.Release|x64.Deploy.0 = Release|x64
		{5B42F941-604C-4658-B288-ED52F16EAD11}.Release|x86.ActiveCfg = Release|x86
		{5B42F941-604C-4658-B288-ED52F16EAD11}.Release|x86.Build.0 = Release|x86
		{5B42F941-604C-4658-B288-ED52F16EAD11}.Release|x86.Deploy.0 = Release|x86
		{D417513F-A8E6-4502-85EE-66E201B2F25B}.Ad-Hoc|Any CPU.ActiveCfg = Release|Any CPU
		{D417513F-A8E6-4502-85EE-66E201B2F25B}.Ad-Hoc|Any CPU.Build.0 = Release|Any CPU
		{D417513F-A8E6-4502-85EE-66E201B2F25B}.Ad-Hoc|Any CPU.Deploy.0 = Release|Any CPU
		{D417513F-A8E6-4502-85EE-66E201B2F25B}.Ad-Hoc|ARM.ActiveCfg = Release|Any CPU
		{D417513F-A8E6-4502-85EE-66E201B2F25B}.Ad-Hoc|ARM.Build.0 = Release|Any CPU
		{D417513F-A8E6-4502-85EE-66E201B2F25B}.Ad-Hoc|ARM.Deploy.0 = Release|Any CPU
		{D417513F-A8E6-4502-85EE-66E201B2F25B}.Ad-Hoc|iPhone.ActiveCfg = Release|Any CPU
		{D417513F-A8E6-4502-85EE-66E201B2F25B}.Ad-Hoc|iPhone.Build.0 = Release|Any CPU
		{D417513F-A8E6-4502-85EE-66E201B2F25B}.Ad-Hoc|iPhone.Deploy.0 = Release|Any CPU
		{D417513F-A8E6-4502-85EE-66E201B2F25B}.Ad-Hoc|iPhoneSimulator.ActiveCfg = Release|Any CPU
		{D417513F-A8E6-4502-85EE-66E201B2F25B}.Ad-Hoc|iPhoneSimulator.Build.0 = Release|Any CPU
		{D417513F-A8E6-4502-85EE-66E201B2F25B}.Ad-Hoc|iPhoneSimulator.Deploy.0 = Release|Any CPU
		{D417513F-A8E6-4502-85EE-66E201B2F25B}.Ad-Hoc|x64.ActiveCfg = Release|Any CPU
		{D417513F-A8E6-4502-85EE-66E201B2F25B}.Ad-Hoc|x64.Build.0 = Release|Any CPU
		{D417513F-A8E6-4502-85EE-66E201B2F25B}.Ad-Hoc|x64.Deploy.0 = Release|Any CPU
		{D417513F-A8E6-4502-85EE-66E201B2F25B}.Ad-Hoc|x86.ActiveCfg = Release|Any CPU
		{D417513F-A8E6-4502-85EE-66E201B2F25B}.Ad-Hoc|x86.Build.0 = Release|Any CPU
		{D417513F-A8E6-4502-85EE-66E201B2F25B}.Ad-Hoc|x86.Deploy.0 = Release|Any CPU
		{D417513F-A8E6-4502-85EE-66E201B2F25B}.AppStore|Any CPU.ActiveCfg = Release|Any CPU
		{D417513F-A8E6-4502-85EE-66E201B2F25B}.AppStore|Any CPU.Build.0 = Release|Any CPU
		{D417513F-A8E6-4502-85EE-66E201B2F25B}.AppStore|Any CPU.Deploy.0 = Release|Any CPU
		{D417513F-A8E6-4502-85EE-66E201B2F25B}.AppStore|ARM.ActiveCfg = Release|Any CPU
		{D417513F-A8E6-4502-85EE-66E201B2F25B}.AppStore|ARM.Build.0 = Release|Any CPU
		{D417513F-A8E6-4502-85EE-66E201B2F25B}.AppStore|ARM.Deploy.0 = Release|Any CPU
		{D417513F-A8E6-4502-85EE-66E201B2F25B}.AppStore|iPhone.ActiveCfg = Release|Any CPU
		{D417513F-A8E6-4502-85EE-66E201B2F25B}.AppStore|iPhone.Build.0 = Release|Any CPU
		{D417513F-A8E6-4502-85EE-66E201B2F25B}.AppStore|iPhone.Deploy.0 = Release|Any CPU
		{D417513F-A8E6-4502-85EE-66E201B2F25B}.AppStore|iPhoneSimulator.ActiveCfg = Release|Any CPU
		{D417513F-A8E6-4502-85EE-66E201B2F25B}.AppStore|iPhoneSimulator.Build.0 = Release|Any CPU
		{D417513F-A8E6-4502-85EE-66E201B2F25B}.AppStore|iPhoneSimulator.Deploy.0 = Release|Any CPU
		{D417513F-A8E6-4502-85EE-66E201B2F25B}.AppStore|x64.ActiveCfg = Release|Any CPU
		{D417513F-A8E6-4502-85EE-66E201B2F25B}.AppStore|x64.Build.0 = Release|Any CPU
		{D417513F-A8E6-4502-85EE-66E201B2F25B}.AppStore|x64.Deploy.0 = Release|Any CPU
		{D417513F-A8E6-4502-85EE-66E201B2F25B}.AppStore|x86.ActiveCfg = Release|Any CPU
		{D417513F-A8E6-4502-85EE-66E201B2F25B}.AppStore|x86.Build.0 = Release|Any CPU
		{D417513F-A8E6-4502-85EE-66E201B2F25B}.AppStore|x86.Deploy.0 = Release|Any CPU
		{D417513F-A8E6-4502-85EE-66E201B2F25B}.Debug|Any CPU.ActiveCfg = Debug|Any CPU
		{D417513F-A8E6-4502-85EE-66E201B2F25B}.Debug|Any CPU.Build.0 = Debug|Any CPU
		{D417513F-A8E6-4502-85EE-66E201B2F25B}.Debug|Any CPU.Deploy.0 = Debug|Any CPU
		{D417513F-A8E6-4502-85EE-66E201B2F25B}.Debug|ARM.ActiveCfg = Debug|Any CPU
		{D417513F-A8E6-4502-85EE-66E201B2F25B}.Debug|ARM.Build.0 = Debug|Any CPU
		{D417513F-A8E6-4502-85EE-66E201B2F25B}.Debug|ARM.Deploy.0 = Debug|Any CPU
		{D417513F-A8E6-4502-85EE-66E201B2F25B}.Debug|iPhone.ActiveCfg = Debug|Any CPU
		{D417513F-A8E6-4502-85EE-66E201B2F25B}.Debug|iPhone.Build.0 = Debug|Any CPU
		{D417513F-A8E6-4502-85EE-66E201B2F25B}.Debug|iPhone.Deploy.0 = Debug|Any CPU
		{D417513F-A8E6-4502-85EE-66E201B2F25B}.Debug|iPhoneSimulator.ActiveCfg = Debug|Any CPU
		{D417513F-A8E6-4502-85EE-66E201B2F25B}.Debug|iPhoneSimulator.Build.0 = Debug|Any CPU
		{D417513F-A8E6-4502-85EE-66E201B2F25B}.Debug|iPhoneSimulator.Deploy.0 = Debug|Any CPU
		{D417513F-A8E6-4502-85EE-66E201B2F25B}.Debug|x64.ActiveCfg = Debug|Any CPU
		{D417513F-A8E6-4502-85EE-66E201B2F25B}.Debug|x64.Build.0 = Debug|Any CPU
		{D417513F-A8E6-4502-85EE-66E201B2F25B}.Debug|x64.Deploy.0 = Debug|Any CPU
		{D417513F-A8E6-4502-85EE-66E201B2F25B}.Debug|x86.ActiveCfg = Debug|Any CPU
		{D417513F-A8E6-4502-85EE-66E201B2F25B}.Debug|x86.Build.0 = Debug|Any CPU
		{D417513F-A8E6-4502-85EE-66E201B2F25B}.Debug|x86.Deploy.0 = Debug|Any CPU
		{D417513F-A8E6-4502-85EE-66E201B2F25B}.Release|Any CPU.ActiveCfg = Release|Any CPU
		{D417513F-A8E6-4502-85EE-66E201B2F25B}.Release|Any CPU.Build.0 = Release|Any CPU
		{D417513F-A8E6-4502-85EE-66E201B2F25B}.Release|Any CPU.Deploy.0 = Release|Any CPU
		{D417513F-A8E6-4502-85EE-66E201B2F25B}.Release|ARM.ActiveCfg = Release|Any CPU
		{D417513F-A8E6-4502-85EE-66E201B2F25B}.Release|ARM.Build.0 = Release|Any CPU
		{D417513F-A8E6-4502-85EE-66E201B2F25B}.Release|ARM.Deploy.0 = Release|Any CPU
		{D417513F-A8E6-4502-85EE-66E201B2F25B}.Release|iPhone.ActiveCfg = Release|Any CPU
		{D417513F-A8E6-4502-85EE-66E201B2F25B}.Release|iPhone.Build.0 = Release|Any CPU
		{D417513F-A8E6-4502-85EE-66E201B2F25B}.Release|iPhone.Deploy.0 = Release|Any CPU
		{D417513F-A8E6-4502-85EE-66E201B2F25B}.Release|iPhoneSimulator.ActiveCfg = Release|Any CPU
		{D417513F-A8E6-4502-85EE-66E201B2F25B}.Release|iPhoneSimulator.Build.0 = Release|Any CPU
		{D417513F-A8E6-4502-85EE-66E201B2F25B}.Release|iPhoneSimulator.Deploy.0 = Release|Any CPU
		{D417513F-A8E6-4502-85EE-66E201B2F25B}.Release|x64.ActiveCfg = Release|Any CPU
		{D417513F-A8E6-4502-85EE-66E201B2F25B}.Release|x64.Build.0 = Release|Any CPU
		{D417513F-A8E6-4502-85EE-66E201B2F25B}.Release|x64.Deploy.0 = Release|Any CPU
		{D417513F-A8E6-4502-85EE-66E201B2F25B}.Release|x86.ActiveCfg = Release|Any CPU
		{D417513F-A8E6-4502-85EE-66E201B2F25B}.Release|x86.Build.0 = Release|Any CPU
		{D417513F-A8E6-4502-85EE-66E201B2F25B}.Release|x86.Deploy.0 = Release|Any CPU
	EndGlobalSection
	GlobalSection(SolutionProperties) = preSolution
		HideSolutionNode = FALSE
	EndGlobalSection
EndGlobal
